// !$*UTF8*$!
{
	archiveVersion = 1;
	classes = {
	};
	objectVersion = 56;
	objects = {

/* Begin PBXBuildFile section */
		30790FB82BFCB2D4000E1D87 /* SecureEnclaveManager.swift in Sources */ = {isa = PBXBuildFile; fileRef = 30790FB72BFCB2D4000E1D87 /* SecureEnclaveManager.swift */; };
		D807F9F82BFB33AE00F3FA48 /* FloatingCameraButton.swift in Sources */ = {isa = PBXBuildFile; fileRef = D807F9F72BFB33AE00F3FA48 /* FloatingCameraButton.swift */; };
		D807F9FA2BFB345800F3FA48 /* CameraView.swift in Sources */ = {isa = PBXBuildFile; fileRef = D807F9F92BFB345800F3FA48 /* CameraView.swift */; };
		D807F9FC2BFB3CBC00F3FA48 /* AppAttestManager.swift in Sources */ = {isa = PBXBuildFile; fileRef = D807F9FB2BFB3CBC00F3FA48 /* AppAttestManager.swift */; };
		D807FA002BFB49B800F3FA48 /* AuthenticityManager.swift in Sources */ = {isa = PBXBuildFile; fileRef = D807F9FF2BFB49B800F3FA48 /* AuthenticityManager.swift */; };
		D807FA022BFB4A0600F3FA48 /* Persistence.swift in Sources */ = {isa = PBXBuildFile; fileRef = D807FA012BFB4A0600F3FA48 /* Persistence.swift */; };
		D807FA042BFB4B7500F3FA48 /* MultipartFormDataRequest.swift in Sources */ = {isa = PBXBuildFile; fileRef = D807FA032BFB4B7400F3FA48 /* MultipartFormDataRequest.swift */; };
		D87AD9112BFB261A00EB508D /* AttestDemoApp.swift in Sources */ = {isa = PBXBuildFile; fileRef = D87AD9102BFB261A00EB508D /* AttestDemoApp.swift */; };
		D87AD9132BFB261A00EB508D /* ContentView.swift in Sources */ = {isa = PBXBuildFile; fileRef = D87AD9122BFB261A00EB508D /* ContentView.swift */; };
		D87AD9152BFB261A00EB508D /* Post.swift in Sources */ = {isa = PBXBuildFile; fileRef = D87AD9142BFB261A00EB508D /* Post.swift */; };
		D87AD9172BFB261D00EB508D /* Assets.xcassets in Resources */ = {isa = PBXBuildFile; fileRef = D87AD9162BFB261D00EB508D /* Assets.xcassets */; };
		D87AD91A2BFB261D00EB508D /* Preview Assets.xcassets in Resources */ = {isa = PBXBuildFile; fileRef = D87AD9192BFB261D00EB508D /* Preview Assets.xcassets */; };
		D87AD9212BFB2C5800EB508D /* PostView.swift in Sources */ = {isa = PBXBuildFile; fileRef = D87AD9202BFB2C5800EB508D /* PostView.swift */; };
		D8DD580C2BFC841800001F3C /* JsonRequest.swift in Sources */ = {isa = PBXBuildFile; fileRef = D8DD580B2BFC841800001F3C /* JsonRequest.swift */; };
/* End PBXBuildFile section */

/* Begin PBXFileReference section */
		30790FB72BFCB2D4000E1D87 /* SecureEnclaveManager.swift */ = {isa = PBXFileReference; lastKnownFileType = sourcecode.swift; path = SecureEnclaveManager.swift; sourceTree = "<group>"; };
		D807F9F72BFB33AE00F3FA48 /* FloatingCameraButton.swift */ = {isa = PBXFileReference; lastKnownFileType = sourcecode.swift; path = FloatingCameraButton.swift; sourceTree = "<group>"; };
		D807F9F92BFB345800F3FA48 /* CameraView.swift */ = {isa = PBXFileReference; lastKnownFileType = sourcecode.swift; path = CameraView.swift; sourceTree = "<group>"; };
		D807F9FB2BFB3CBC00F3FA48 /* AppAttestManager.swift */ = {isa = PBXFileReference; lastKnownFileType = sourcecode.swift; path = AppAttestManager.swift; sourceTree = "<group>"; };
		D807F9FD2BFB3E0400F3FA48 /* AttestDemo.entitlements */ = {isa = PBXFileReference; lastKnownFileType = text.plist.entitlements; path = AttestDemo.entitlements; sourceTree = "<group>"; };
		D807F9FE2BFB3EB000F3FA48 /* Info.plist */ = {isa = PBXFileReference; lastKnownFileType = text.plist; path = Info.plist; sourceTree = "<group>"; };
		D807F9FF2BFB49B800F3FA48 /* AuthenticityManager.swift */ = {isa = PBXFileReference; lastKnownFileType = sourcecode.swift; path = AuthenticityManager.swift; sourceTree = "<group>"; };
		D807FA012BFB4A0600F3FA48 /* Persistence.swift */ = {isa = PBXFileReference; lastKnownFileType = sourcecode.swift; path = Persistence.swift; sourceTree = "<group>"; };
		D807FA032BFB4B7400F3FA48 /* MultipartFormDataRequest.swift */ = {isa = PBXFileReference; lastKnownFileType = sourcecode.swift; path = MultipartFormDataRequest.swift; sourceTree = "<group>"; };
		D87AD90D2BFB261A00EB508D /* AttestDemo.app */ = {isa = PBXFileReference; explicitFileType = wrapper.application; includeInIndex = 0; path = AttestDemo.app; sourceTree = BUILT_PRODUCTS_DIR; };
		D87AD9102BFB261A00EB508D /* AttestDemoApp.swift */ = {isa = PBXFileReference; lastKnownFileType = sourcecode.swift; path = AttestDemoApp.swift; sourceTree = "<group>"; };
		D87AD9122BFB261A00EB508D /* ContentView.swift */ = {isa = PBXFileReference; lastKnownFileType = sourcecode.swift; path = ContentView.swift; sourceTree = "<group>"; };
		D87AD9142BFB261A00EB508D /* Post.swift */ = {isa = PBXFileReference; lastKnownFileType = sourcecode.swift; path = Post.swift; sourceTree = "<group>"; };
		D87AD9162BFB261D00EB508D /* Assets.xcassets */ = {isa = PBXFileReference; lastKnownFileType = folder.assetcatalog; path = Assets.xcassets; sourceTree = "<group>"; };
		D87AD9192BFB261D00EB508D /* Preview Assets.xcassets */ = {isa = PBXFileReference; lastKnownFileType = folder.assetcatalog; path = "Preview Assets.xcassets"; sourceTree = "<group>"; };
		D87AD9202BFB2C5800EB508D /* PostView.swift */ = {isa = PBXFileReference; lastKnownFileType = sourcecode.swift; path = PostView.swift; sourceTree = "<group>"; };
		D8DD580B2BFC841800001F3C /* JsonRequest.swift */ = {isa = PBXFileReference; lastKnownFileType = sourcecode.swift; path = JsonRequest.swift; sourceTree = "<group>"; };
/* End PBXFileReference section */

/* Begin PBXFrameworksBuildPhase section */
		D87AD90A2BFB261A00EB508D /* Frameworks */ = {
			isa = PBXFrameworksBuildPhase;
			buildActionMask = 2147483647;
			files = (
			);
			runOnlyForDeploymentPostprocessing = 0;
		};
/* End PBXFrameworksBuildPhase section */

/* Begin PBXGroup section */
		D87AD9042BFB261A00EB508D = {
			isa = PBXGroup;
			children = (
				D87AD90F2BFB261A00EB508D /* AttestDemo */,
				D87AD90E2BFB261A00EB508D /* Products */,
			);
			sourceTree = "<group>";
		};
		D87AD90E2BFB261A00EB508D /* Products */ = {
			isa = PBXGroup;
			children = (
				D87AD90D2BFB261A00EB508D /* AttestDemo.app */,
			);
			name = Products;
			sourceTree = "<group>";
		};
		D87AD90F2BFB261A00EB508D /* AttestDemo */ = {
			isa = PBXGroup;
			children = (
				D807F9FE2BFB3EB000F3FA48 /* Info.plist */,
				D807F9FD2BFB3E0400F3FA48 /* AttestDemo.entitlements */,
				D87AD9102BFB261A00EB508D /* AttestDemoApp.swift */,
				D807F9FB2BFB3CBC00F3FA48 /* AppAttestManager.swift */,
				D807FA012BFB4A0600F3FA48 /* Persistence.swift */,
				D807F9FF2BFB49B800F3FA48 /* AuthenticityManager.swift */,
				D807FA032BFB4B7400F3FA48 /* MultipartFormDataRequest.swift */,
				D8DD580B2BFC841800001F3C /* JsonRequest.swift */,
				D87AD9122BFB261A00EB508D /* ContentView.swift */,
				D807F9F92BFB345800F3FA48 /* CameraView.swift */,
				D807F9F72BFB33AE00F3FA48 /* FloatingCameraButton.swift */,
				30790FB72BFCB2D4000E1D87 /* SecureEnclaveManager.swift */,
				D87AD9202BFB2C5800EB508D /* PostView.swift */,
				D87AD9142BFB261A00EB508D /* Post.swift */,
				D87AD9162BFB261D00EB508D /* Assets.xcassets */,
				D87AD9182BFB261D00EB508D /* Preview Content */,
			);
			path = AttestDemo;
			sourceTree = "<group>";
		};
		D87AD9182BFB261D00EB508D /* Preview Content */ = {
			isa = PBXGroup;
			children = (
				D87AD9192BFB261D00EB508D /* Preview Assets.xcassets */,
			);
			path = "Preview Content";
			sourceTree = "<group>";
		};
/* End PBXGroup section */

/* Begin PBXNativeTarget section */
		D87AD90C2BFB261A00EB508D /* AttestDemo */ = {
			isa = PBXNativeTarget;
			buildConfigurationList = D87AD91D2BFB261D00EB508D /* Build configuration list for PBXNativeTarget "AttestDemo" */;
			buildPhases = (
				D87AD9092BFB261A00EB508D /* Sources */,
				D87AD90A2BFB261A00EB508D /* Frameworks */,
				D87AD90B2BFB261A00EB508D /* Resources */,
			);
			buildRules = (
			);
			dependencies = (
			);
			name = AttestDemo;
			productName = AttestDemo;
			productReference = D87AD90D2BFB261A00EB508D /* AttestDemo.app */;
			productType = "com.apple.product-type.application";
		};
/* End PBXNativeTarget section */

/* Begin PBXProject section */
		D87AD9052BFB261A00EB508D /* Project object */ = {
			isa = PBXProject;
			attributes = {
				BuildIndependentTargetsInParallel = 1;
				LastSwiftUpdateCheck = 1540;
				LastUpgradeCheck = 1540;
				TargetAttributes = {
					D87AD90C2BFB261A00EB508D = {
						CreatedOnToolsVersion = 15.4;
					};
				};
			};
			buildConfigurationList = D87AD9082BFB261A00EB508D /* Build configuration list for PBXProject "AttestDemo" */;
			compatibilityVersion = "Xcode 14.0";
			developmentRegion = en;
			hasScannedForEncodings = 0;
			knownRegions = (
				en,
				Base,
			);
			mainGroup = D87AD9042BFB261A00EB508D;
			productRefGroup = D87AD90E2BFB261A00EB508D /* Products */;
			projectDirPath = "";
			projectRoot = "";
			targets = (
				D87AD90C2BFB261A00EB508D /* AttestDemo */,
			);
		};
/* End PBXProject section */

/* Begin PBXResourcesBuildPhase section */
		D87AD90B2BFB261A00EB508D /* Resources */ = {
			isa = PBXResourcesBuildPhase;
			buildActionMask = 2147483647;
			files = (
				D87AD91A2BFB261D00EB508D /* Preview Assets.xcassets in Resources */,
				D87AD9172BFB261D00EB508D /* Assets.xcassets in Resources */,
			);
			runOnlyForDeploymentPostprocessing = 0;
		};
/* End PBXResourcesBuildPhase section */

/* Begin PBXSourcesBuildPhase section */
		D87AD9092BFB261A00EB508D /* Sources */ = {
			isa = PBXSourcesBuildPhase;
			buildActionMask = 2147483647;
			files = (
				D807FA022BFB4A0600F3FA48 /* Persistence.swift in Sources */,
				30790FB82BFCB2D4000E1D87 /* SecureEnclaveManager.swift in Sources */,
				D807F9F82BFB33AE00F3FA48 /* FloatingCameraButton.swift in Sources */,
				D87AD9132BFB261A00EB508D /* ContentView.swift in Sources */,
				D807FA002BFB49B800F3FA48 /* AuthenticityManager.swift in Sources */,
				D87AD9152BFB261A00EB508D /* Post.swift in Sources */,
				D807F9FA2BFB345800F3FA48 /* CameraView.swift in Sources */,
				D807FA042BFB4B7500F3FA48 /* MultipartFormDataRequest.swift in Sources */,
				D87AD9212BFB2C5800EB508D /* PostView.swift in Sources */,
				D807F9FC2BFB3CBC00F3FA48 /* AppAttestManager.swift in Sources */,
				D87AD9112BFB261A00EB508D /* AttestDemoApp.swift in Sources */,
				D8DD580C2BFC841800001F3C /* JsonRequest.swift in Sources */,
			);
			runOnlyForDeploymentPostprocessing = 0;
		};
/* End PBXSourcesBuildPhase section */

/* Begin XCBuildConfiguration section */
		D87AD91B2BFB261D00EB508D /* Debug */ = {
			isa = XCBuildConfiguration;
			buildSettings = {
				ALWAYS_SEARCH_USER_PATHS = NO;
				ASSETCATALOG_COMPILER_GENERATE_SWIFT_ASSET_SYMBOL_EXTENSIONS = YES;
				CLANG_ANALYZER_NONNULL = YES;
				CLANG_ANALYZER_NUMBER_OBJECT_CONVERSION = YES_AGGRESSIVE;
				CLANG_CXX_LANGUAGE_STANDARD = "gnu++20";
				CLANG_ENABLE_MODULES = YES;
				CLANG_ENABLE_OBJC_ARC = YES;
				CLANG_ENABLE_OBJC_WEAK = YES;
				CLANG_WARN_BLOCK_CAPTURE_AUTORELEASING = YES;
				CLANG_WARN_BOOL_CONVERSION = YES;
				CLANG_WARN_COMMA = YES;
				CLANG_WARN_CONSTANT_CONVERSION = YES;
				CLANG_WARN_DEPRECATED_OBJC_IMPLEMENTATIONS = YES;
				CLANG_WARN_DIRECT_OBJC_ISA_USAGE = YES_ERROR;
				CLANG_WARN_DOCUMENTATION_COMMENTS = YES;
				CLANG_WARN_EMPTY_BODY = YES;
				CLANG_WARN_ENUM_CONVERSION = YES;
				CLANG_WARN_INFINITE_RECURSION = YES;
				CLANG_WARN_INT_CONVERSION = YES;
				CLANG_WARN_NON_LITERAL_NULL_CONVERSION = YES;
				CLANG_WARN_OBJC_IMPLICIT_RETAIN_SELF = YES;
				CLANG_WARN_OBJC_LITERAL_CONVERSION = YES;
				CLANG_WARN_OBJC_ROOT_CLASS = YES_ERROR;
				CLANG_WARN_QUOTED_INCLUDE_IN_FRAMEWORK_HEADER = YES;
				CLANG_WARN_RANGE_LOOP_ANALYSIS = YES;
				CLANG_WARN_STRICT_PROTOTYPES = YES;
				CLANG_WARN_SUSPICIOUS_MOVE = YES;
				CLANG_WARN_UNGUARDED_AVAILABILITY = YES_AGGRESSIVE;
				CLANG_WARN_UNREACHABLE_CODE = YES;
				CLANG_WARN__DUPLICATE_METHOD_MATCH = YES;
				COPY_PHASE_STRIP = NO;
				DEBUG_INFORMATION_FORMAT = dwarf;
				ENABLE_STRICT_OBJC_MSGSEND = YES;
				ENABLE_TESTABILITY = YES;
				ENABLE_USER_SCRIPT_SANDBOXING = YES;
				GCC_C_LANGUAGE_STANDARD = gnu17;
				GCC_DYNAMIC_NO_PIC = NO;
				GCC_NO_COMMON_BLOCKS = YES;
				GCC_OPTIMIZATION_LEVEL = 0;
				GCC_PREPROCESSOR_DEFINITIONS = (
					"DEBUG=1",
					"$(inherited)",
				);
				GCC_WARN_64_TO_32_BIT_CONVERSION = YES;
				GCC_WARN_ABOUT_RETURN_TYPE = YES_ERROR;
				GCC_WARN_UNDECLARED_SELECTOR = YES;
				GCC_WARN_UNINITIALIZED_AUTOS = YES_AGGRESSIVE;
				GCC_WARN_UNUSED_FUNCTION = YES;
				GCC_WARN_UNUSED_VARIABLE = YES;
				IPHONEOS_DEPLOYMENT_TARGET = 17.5;
				LOCALIZATION_PREFERS_STRING_CATALOGS = YES;
				MTL_ENABLE_DEBUG_INFO = INCLUDE_SOURCE;
				MTL_FAST_MATH = YES;
				ONLY_ACTIVE_ARCH = YES;
				SDKROOT = iphoneos;
				SWIFT_ACTIVE_COMPILATION_CONDITIONS = "DEBUG $(inherited)";
				SWIFT_OPTIMIZATION_LEVEL = "-Onone";
			};
			name = Debug;
		};
		D87AD91C2BFB261D00EB508D /* Release */ = {
			isa = XCBuildConfiguration;
			buildSettings = {
				ALWAYS_SEARCH_USER_PATHS = NO;
				ASSETCATALOG_COMPILER_GENERATE_SWIFT_ASSET_SYMBOL_EXTENSIONS = YES;
				CLANG_ANALYZER_NONNULL = YES;
				CLANG_ANALYZER_NUMBER_OBJECT_CONVERSION = YES_AGGRESSIVE;
				CLANG_CXX_LANGUAGE_STANDARD = "gnu++20";
				CLANG_ENABLE_MODULES = YES;
				CLANG_ENABLE_OBJC_ARC = YES;
				CLANG_ENABLE_OBJC_WEAK = YES;
				CLANG_WARN_BLOCK_CAPTURE_AUTORELEASING = YES;
				CLANG_WARN_BOOL_CONVERSION = YES;
				CLANG_WARN_COMMA = YES;
				CLANG_WARN_CONSTANT_CONVERSION = YES;
				CLANG_WARN_DEPRECATED_OBJC_IMPLEMENTATIONS = YES;
				CLANG_WARN_DIRECT_OBJC_ISA_USAGE = YES_ERROR;
				CLANG_WARN_DOCUMENTATION_COMMENTS = YES;
				CLANG_WARN_EMPTY_BODY = YES;
				CLANG_WARN_ENUM_CONVERSION = YES;
				CLANG_WARN_INFINITE_RECURSION = YES;
				CLANG_WARN_INT_CONVERSION = YES;
				CLANG_WARN_NON_LITERAL_NULL_CONVERSION = YES;
				CLANG_WARN_OBJC_IMPLICIT_RETAIN_SELF = YES;
				CLANG_WARN_OBJC_LITERAL_CONVERSION = YES;
				CLANG_WARN_OBJC_ROOT_CLASS = YES_ERROR;
				CLANG_WARN_QUOTED_INCLUDE_IN_FRAMEWORK_HEADER = YES;
				CLANG_WARN_RANGE_LOOP_ANALYSIS = YES;
				CLANG_WARN_STRICT_PROTOTYPES = YES;
				CLANG_WARN_SUSPICIOUS_MOVE = YES;
				CLANG_WARN_UNGUARDED_AVAILABILITY = YES_AGGRESSIVE;
				CLANG_WARN_UNREACHABLE_CODE = YES;
				CLANG_WARN__DUPLICATE_METHOD_MATCH = YES;
				COPY_PHASE_STRIP = NO;
				DEBUG_INFORMATION_FORMAT = "dwarf-with-dsym";
				ENABLE_NS_ASSERTIONS = NO;
				ENABLE_STRICT_OBJC_MSGSEND = YES;
				ENABLE_USER_SCRIPT_SANDBOXING = YES;
				GCC_C_LANGUAGE_STANDARD = gnu17;
				GCC_NO_COMMON_BLOCKS = YES;
				GCC_WARN_64_TO_32_BIT_CONVERSION = YES;
				GCC_WARN_ABOUT_RETURN_TYPE = YES_ERROR;
				GCC_WARN_UNDECLARED_SELECTOR = YES;
				GCC_WARN_UNINITIALIZED_AUTOS = YES_AGGRESSIVE;
				GCC_WARN_UNUSED_FUNCTION = YES;
				GCC_WARN_UNUSED_VARIABLE = YES;
				IPHONEOS_DEPLOYMENT_TARGET = 17.5;
				LOCALIZATION_PREFERS_STRING_CATALOGS = YES;
				MTL_ENABLE_DEBUG_INFO = NO;
				MTL_FAST_MATH = YES;
				SDKROOT = iphoneos;
				SWIFT_COMPILATION_MODE = wholemodule;
				VALIDATE_PRODUCT = YES;
			};
			name = Release;
		};
		D87AD91E2BFB261D00EB508D /* Debug */ = {
			isa = XCBuildConfiguration;
			buildSettings = {
				ASSETCATALOG_COMPILER_APPICON_NAME = AppIcon;
				ASSETCATALOG_COMPILER_GLOBAL_ACCENT_COLOR_NAME = AccentColor;
				CODE_SIGN_ENTITLEMENTS = AttestDemo/AttestDemo.entitlements;
				CODE_SIGN_STYLE = Automatic;
				CURRENT_PROJECT_VERSION = 1;
				DEVELOPMENT_ASSET_PATHS = "\"AttestDemo/Preview Content\"";
				DEVELOPMENT_TEAM = "";
				ENABLE_PREVIEWS = YES;
				GENERATE_INFOPLIST_FILE = YES;
				INFOPLIST_FILE = AttestDemo/Info.plist;
				INFOPLIST_KEY_CFBundleDisplayName = Honto;
				INFOPLIST_KEY_LSApplicationCategoryType = "public.app-category.photography";
				INFOPLIST_KEY_NSCameraUsageDescription = "Gotta use the camera to take pics!";
				INFOPLIST_KEY_UIApplicationSceneManifest_Generation = YES;
				INFOPLIST_KEY_UIApplicationSupportsIndirectInputEvents = YES;
				INFOPLIST_KEY_UILaunchScreen_Generation = YES;
				INFOPLIST_KEY_UISupportedInterfaceOrientations = UIInterfaceOrientationPortrait;
				INFOPLIST_KEY_UISupportedInterfaceOrientations_iPad = "UIInterfaceOrientationLandscapeLeft UIInterfaceOrientationLandscapeRight UIInterfaceOrientationPortrait UIInterfaceOrientationPortraitUpsideDown";
				IPHONEOS_DEPLOYMENT_TARGET = 17.0;
				LD_RUNPATH_SEARCH_PATHS = (
					"$(inherited)",
					"@executable_path/Frameworks",
				);
				MARKETING_VERSION = 1.0;
				PRODUCT_BUNDLE_IDENTIFIER = jp.pse.AttestDemo;
				PRODUCT_NAME = "$(TARGET_NAME)";
				SUPPORTED_PLATFORMS = "iphoneos iphonesimulator";
				SUPPORTS_MACCATALYST = NO;
				SUPPORTS_MAC_DESIGNED_FOR_IPHONE_IPAD = NO;
				SUPPORTS_XR_DESIGNED_FOR_IPHONE_IPAD = NO;
				SWIFT_EMIT_LOC_STRINGS = YES;
				SWIFT_VERSION = 5.0;
				TARGETED_DEVICE_FAMILY = 1;
			};
			name = Debug;
		};
		D87AD91F2BFB261D00EB508D /* Release */ = {
			isa = XCBuildConfiguration;
			buildSettings = {
				ASSETCATALOG_COMPILER_APPICON_NAME = AppIcon;
				ASSETCATALOG_COMPILER_GLOBAL_ACCENT_COLOR_NAME = AccentColor;
				CODE_SIGN_ENTITLEMENTS = AttestDemo/AttestDemo.entitlements;
				CODE_SIGN_STYLE = Automatic;
				CURRENT_PROJECT_VERSION = 1;
				DEVELOPMENT_ASSET_PATHS = "\"AttestDemo/Preview Content\"";
				DEVELOPMENT_TEAM = "";
				ENABLE_PREVIEWS = YES;
				GENERATE_INFOPLIST_FILE = YES;
				INFOPLIST_FILE = AttestDemo/Info.plist;
				INFOPLIST_KEY_CFBundleDisplayName = Honto;
				INFOPLIST_KEY_LSApplicationCategoryType = "public.app-category.photography";
				INFOPLIST_KEY_NSCameraUsageDescription = "Gotta use the camera to take pics!";
				INFOPLIST_KEY_UIApplicationSceneManifest_Generation = YES;
				INFOPLIST_KEY_UIApplicationSupportsIndirectInputEvents = YES;
				INFOPLIST_KEY_UILaunchScreen_Generation = YES;
				INFOPLIST_KEY_UISupportedInterfaceOrientations = UIInterfaceOrientationPortrait;
				INFOPLIST_KEY_UISupportedInterfaceOrientations_iPad = "UIInterfaceOrientationLandscapeLeft UIInterfaceOrientationLandscapeRight UIInterfaceOrientationPortrait UIInterfaceOrientationPortraitUpsideDown";
				IPHONEOS_DEPLOYMENT_TARGET = 17.0;
				LD_RUNPATH_SEARCH_PATHS = (
					"$(inherited)",
					"@executable_path/Frameworks",
				);
				MARKETING_VERSION = 1.0;
				PRODUCT_BUNDLE_IDENTIFIER = jp.pse.AttestDemo;
				PRODUCT_NAME = "$(TARGET_NAME)";
				SUPPORTED_PLATFORMS = "iphoneos iphonesimulator";
				SUPPORTS_MACCATALYST = NO;
				SUPPORTS_MAC_DESIGNED_FOR_IPHONE_IPAD = NO;
				SUPPORTS_XR_DESIGNED_FOR_IPHONE_IPAD = NO;
				SWIFT_EMIT_LOC_STRINGS = YES;
				SWIFT_VERSION = 5.0;
				TARGETED_DEVICE_FAMILY = 1;
			};
			name = Release;
		};
/* End XCBuildConfiguration section */

/* Begin XCConfigurationList section */
		D87AD9082BFB261A00EB508D /* Build configuration list for PBXProject "AttestDemo" */ = {
			isa = XCConfigurationList;
			buildConfigurations = (
				D87AD91B2BFB261D00EB508D /* Debug */,
				D87AD91C2BFB261D00EB508D /* Release */,
			);
			defaultConfigurationIsVisible = 0;
			defaultConfigurationName = Release;
		};
		D87AD91D2BFB261D00EB508D /* Build configuration list for PBXNativeTarget "AttestDemo" */ = {
			isa = XCConfigurationList;
			buildConfigurations = (
				D87AD91E2BFB261D00EB508D /* Debug */,
				D87AD91F2BFB261D00EB508D /* Release */,
			);
			defaultConfigurationIsVisible = 0;
			defaultConfigurationName = Release;
		};
/* End XCConfigurationList section */
	};
	rootObject = D87AD9052BFB261A00EB508D /* Project object */;
}
